// !$*UTF8*$!
{
	archiveVersion = 1;
	classes = {
	};
	objectVersion = 46;
	objects = {

/* Begin PBXBuildFile section */
		6A9AF3721EB072EA00B0F312 /* main.m in Sources */ = {isa = PBXBuildFile; fileRef = 6A9AF3711EB072EA00B0F312 /* main.m */; };
		6A9AF3751EB072EA00B0F312 /* AppDelegate.m in Sources */ = {isa = PBXBuildFile; fileRef = 6A9AF3741EB072EA00B0F312 /* AppDelegate.m */; };
		6A9AF3781EB072EA00B0F312 /* ViewController.m in Sources */ = {isa = PBXBuildFile; fileRef = 6A9AF3771EB072EA00B0F312 /* ViewController.m */; };
		6A9AF37B1EB072EA00B0F312 /* Main.storyboard in Resources */ = {isa = PBXBuildFile; fileRef = 6A9AF3791EB072EA00B0F312 /* Main.storyboard */; };
		6A9AF37D1EB072EA00B0F312 /* Assets.xcassets in Resources */ = {isa = PBXBuildFile; fileRef = 6A9AF37C1EB072EA00B0F312 /* Assets.xcassets */; };
		6A9AF3801EB072EA00B0F312 /* LaunchScreen.storyboard in Resources */ = {isa = PBXBuildFile; fileRef = 6A9AF37E1EB072EA00B0F312 /* LaunchScreen.storyboard */; };
		6A9AF38A1EB0735600B0F312 /* NTAddressPickerView.m in Sources */ = {isa = PBXBuildFile; fileRef = 6A9AF3891EB0735600B0F312 /* NTAddressPickerView.m */; };
/* End PBXBuildFile section */

/* Begin PBXFileReference section */
		6A9AF36D1EB072EA00B0F312 /* NTAddressPickerView.app */ = {isa = PBXFileReference; explicitFileType = wrapper.application; includeInIndex = 0; path = NTAddressPickerView.app; sourceTree = BUILT_PRODUCTS_DIR; };
		6A9AF3711EB072EA00B0F312 /* main.m */ = {isa = PBXFileReference; lastKnownFileType = sourcecode.c.objc; path = main.m; sourceTree = "<group>"; };
		6A9AF3731EB072EA00B0F312 /* AppDelegate.h */ = {isa = PBXFileReference; lastKnownFileType = sourcecode.c.h; path = AppDelegate.h; sourceTree = "<group>"; };
		6A9AF3741EB072EA00B0F312 /* AppDelegate.m */ = {isa = PBXFileReference; lastKnownFileType = sourcecode.c.objc; path = AppDelegate.m; sourceTree = "<group>"; };
		6A9AF3761EB072EA00B0F312 /* ViewController.h */ = {isa = PBXFileReference; lastKnownFileType = sourcecode.c.h; path = ViewController.h; sourceTree = "<group>"; };
		6A9AF3771EB072EA00B0F312 /* ViewController.m */ = {isa = PBXFileReference; lastKnownFileType = sourcecode.c.objc; path = ViewController.m; sourceTree = "<group>"; };
		6A9AF37A1EB072EA00B0F312 /* Base */ = {isa = PBXFileReference; lastKnownFileType = file.storyboard; name = Base; path = Base.lproj/Main.storyboard; sourceTree = "<group>"; };
		6A9AF37C1EB072EA00B0F312 /* Assets.xcassets */ = {isa = PBXFileReference; lastKnownFileType = folder.assetcatalog; path = Assets.xcassets; sourceTree = "<group>"; };
		6A9AF37F1EB072EA00B0F312 /* Base */ = {isa = PBXFileReference; lastKnownFileType = file.storyboard; name = Base; path = Base.lproj/LaunchScreen.storyboard; sourceTree = "<group>"; };
		6A9AF3811EB072EA00B0F312 /* Info.plist */ = {isa = PBXFileReference; lastKnownFileType = text.plist.xml; path = Info.plist; sourceTree = "<group>"; };
		6A9AF3881EB0735600B0F312 /* NTAddressPickerView.h */ = {isa = PBXFileReference; fileEncoding = 4; lastKnownFileType = sourcecode.c.h; path = NTAddressPickerView.h; sourceTree = "<group>"; };
		6A9AF3891EB0735600B0F312 /* NTAddressPickerView.m */ = {isa = PBXFileReference; fileEncoding = 4; lastKnownFileType = sourcecode.c.objc; path = NTAddressPickerView.m; sourceTree = "<group>"; };
/* End PBXFileReference section */

/* Begin PBXFrameworksBuildPhase section */
		6A9AF36A1EB072EA00B0F312 /* Frameworks */ = {
			isa = PBXFrameworksBuildPhase;
			buildActionMask = 2147483647;
			files = (
			);
			runOnlyForDeploymentPostprocessing = 0;
		};
/* End PBXFrameworksBuildPhase section */

/* Begin PBXGroup section */
		6A9AF3641EB072EA00B0F312 = {
			isa = PBXGroup;
			children = (
				6A9AF36F1EB072EA00B0F312 /* NTAddressPickerView */,
				6A9AF36E1EB072EA00B0F312 /* Products */,
			);
			sourceTree = "<group>";
		};
		6A9AF36E1EB072EA00B0F312 /* Products */ = {
			isa = PBXGroup;
			children = (
				6A9AF36D1EB072EA00B0F312 /* NTAddressPickerView.app */,
			);
			name = Products;
			sourceTree = "<group>";
		};
		6A9AF36F1EB072EA00B0F312 /* NTAddressPickerView */ = {
			isa = PBXGroup;
			children = (
				6A9AF3871EB0730800B0F312 /* NTAddressPickerView */,
				6A9AF3731EB072EA00B0F312 /* AppDelegate.h */,
				6A9AF3741EB072EA00B0F312 /* AppDelegate.m */,
				6A9AF3761EB072EA00B0F312 /* ViewController.h */,
				6A9AF3771EB072EA00B0F312 /* ViewController.m */,
				6A9AF3791EB072EA00B0F312 /* Main.storyboard */,
				6A9AF37C1EB072EA00B0F312 /* Assets.xcassets */,
				6A9AF37E1EB072EA00B0F312 /* LaunchScreen.storyboard */,
				6A9AF3811EB072EA00B0F312 /* Info.plist */,
				6A9AF3701EB072EA00B0F312 /* Supporting Files */,
			);
			path = NTAddressPickerView;
			sourceTree = "<group>";
		};
		6A9AF3701EB072EA00B0F312 /* Supporting Files */ = {
			isa = PBXGroup;
			children = (
				6A9AF3711EB072EA00B0F312 /* main.m */,
			);
			name = "Supporting Files";
			sourceTree = "<group>";
		};
		6A9AF3871EB0730800B0F312 /* NTAddressPickerView */ = {
			isa = PBXGroup;
			children = (
				6A9AF3881EB0735600B0F312 /* NTAddressPickerView.h */,
				6A9AF3891EB0735600B0F312 /* NTAddressPickerView.m */,
			);
			path = NTAddressPickerView;
			sourceTree = "<group>";
		};
/* End PBXGroup section */

/* Begin PBXNativeTarget section */
		6A9AF36C1EB072EA00B0F312 /* NTAddressPickerView */ = {
			isa = PBXNativeTarget;
			buildConfigurationList = 6A9AF3841EB072EA00B0F312 /* Build configuration list for PBXNativeTarget "NTAddressPickerView" */;
			buildPhases = (
				6A9AF3691EB072EA00B0F312 /* Sources */,
				6A9AF36A1EB072EA00B0F312 /* Frameworks */,
				6A9AF36B1EB072EA00B0F312 /* Resources */,
			);
			buildRules = (
			);
			dependencies = (
			);
			name = NTAddressPickerView;
			productName = NTAddressPickerView;
			productReference = 6A9AF36D1EB072EA00B0F312 /* NTAddressPickerView.app */;
			productType = "com.apple.product-type.application";
		};
/* End PBXNativeTarget section */

/* Begin PBXProject section */
		6A9AF3651EB072EA00B0F312 /* Project object */ = {
			isa = PBXProject;
			attributes = {
				LastUpgradeCheck = 0800;
				ORGANIZATIONNAME = nineteen;
				TargetAttributes = {
					6A9AF36C1EB072EA00B0F312 = {
						CreatedOnToolsVersion = 8.0;
						DevelopmentTeam = 43H54M6JEQ;
						ProvisioningStyle = Automatic;
					};
				};
			};
			buildConfigurationList = 6A9AF3681EB072EA00B0F312 /* Build configuration list for PBXProject "NTAddressPickerView" */;
			compatibilityVersion = "Xcode 3.2";
			developmentRegion = English;
			hasScannedForEncodings = 0;
			knownRegions = (
				en,
				Base,
			);
			mainGroup = 6A9AF3641EB072EA00B0F312;
			productRefGroup = 6A9AF36E1EB072EA00B0F312 /* Products */;
			projectDirPath = "";
			projectRoot = "";
			targets = (
				6A9AF36C1EB072EA00B0F312 /* NTAddressPickerView */,
			);
		};
/* End PBXProject section */

/* Begin PBXResourcesBuildPhase section */
		6A9AF36B1EB072EA00B0F312 /* Resources */ = {
			isa = PBXResourcesBuildPhase;
			buildActionMask = 2147483647;
			files = (
				6A9AF3801EB072EA00B0F312 /* LaunchScreen.storyboard in Resources */,
				6A9AF37D1EB072EA00B0F312 /* Assets.xcassets in Resources */,
				6A9AF37B1EB072EA00B0F312 /* Main.storyboard in Resources */,
			);
			runOnlyForDeploymentPostprocessing = 0;
		};
/* End PBXResourcesBuildPhase section */

/* Begin PBXSourcesBuildPhase section */
		6A9AF3691EB072EA00B0F312 /* Sources */ = {
			isa = PBXSourcesBuildPhase;
			buildActionMask = 2147483647;
			files = (
				6A9AF3781EB072EA00B0F312 /* ViewController.m in Sources */,
				6A9AF38A1EB0735600B0F312 /* NTAddressPickerView.m in Sources */,
				6A9AF3751EB072EA00B0F312 /* AppDelegate.m in Sources */,
				6A9AF3721EB072EA00B0F312 /* main.m in Sources */,
			);
			runOnlyForDeploymentPostprocessing = 0;
		};
/* End PBXSourcesBuildPhase section */

/* Begin PBXVariantGroup section */
		6A9AF3791EB072EA00B0F312 /* Main.storyboard */ = {
			isa = PBXVariantGroup;
			children = (
				6A9AF37A1EB072EA00B0F312 /* Base */,
			);
			name = Main.storyboard;
			sourceTree = "<group>";
		};
		6A9AF37E1EB072EA00B0F312 /* LaunchScreen.storyboard */ = {
			isa = PBXVariantGroup;
			children = (
				6A9AF37F1EB072EA00B0F312 /* Base */,
			);
			name = LaunchScreen.storyboard;
			sourceTree = "<group>";
		};
/* End PBXVariantGroup section */

/* Begin XCBuildConfiguration section */
		6A9AF3821EB072EA00B0F312 /* Debug */ = {
			isa = XCBuildConfiguration;
			buildSettings = {
				ALWAYS_SEARCH_USER_PATHS = NO;
				CLANG_ANALYZER_NONNULL = YES;
				CLANG_CXX_LANGUAGE_STANDARD = "gnu++0x";
				CLANG_CXX_LIBRARY = "libc++";
				CLANG_ENABLE_MODULES = YES;
				CLANG_ENABLE_OBJC_ARC = YES;
				CLANG_WARN_BOOL_CONVERSION = YES;
				CLANG_WARN_CONSTANT_CONVERSION = YES;
				CLANG_WARN_DIRECT_OBJC_ISA_USAGE = YES_ERROR;
				CLANG_WARN_DOCUMENTATION_COMMENTS = YES;
				CLANG_WARN_EMPTY_BODY = YES;
				CLANG_WARN_ENUM_CONVERSION = YES;
				CLANG_WARN_INFINITE_RECURSION = YES;
				CLANG_WARN_INT_CONVERSION = YES;
				CLANG_WARN_OBJC_ROOT_CLASS = YES_ERROR;
				CLANG_WARN_SUSPICIOUS_MOVES = YES;
				CLANG_WARN_UNREACHABLE_CODE = YES;
				CLANG_WARN__DUPLICATE_METHOD_MATCH = YES;
				"CODE_SIGN_IDENTITY[sdk=iphoneos*]" = "iPhone Developer";
				COPY_PHASE_STRIP = NO;
				DEBUG_INFORMATION_FORMAT = dwarf;
				ENABLE_STRICT_OBJC_MSGSEND = YES;
				ENABLE_TESTABILITY = YES;
				GCC_C_LANGUAGE_STANDARD = gnu99;
				GCC_DYNAMIC_NO_PIC = NO;
				GCC_NO_COMMON_BLOCKS = YES;
				GCC_OPTIMIZATION_LEVEL = 0;
				GCC_PREPROCESSOR_DEFINITIONS = (
					"DEBUG=1",
					"$(inherited)",
				);
				GCC_WARN_64_TO_32_BIT_CONVERSION = YES;
				GCC_WARN_ABOUT_RETURN_TYPE = YES_ERROR;
				GCC_WARN_UNDECLARED_SELECTOR = YES;
				GCC_WARN_UNINITIALIZED_AUTOS = YES_AGGRESSIVE;
				GCC_WARN_UNUSED_FUNCTION = YES;
				GCC_WARN_UNUSED_VARIABLE = YES;
				IPHONEOS_DEPLOYMENT_TARGET = 10.0;
				MTL_ENABLE_DEBUG_INFO = YES;
				ONLY_ACTIVE_ARCH = YES;
				SDKROOT = iphoneos;
			};
			name = Debug;
		};
		6A9AF3831EB072EA00B0F312 /* Release */ = {
			isa = XCBuildConfiguration;
			buildSettings = {
				ALWAYS_SEARCH_USER_PATHS = NO;
				CLANG_ANALYZER_NONNULL = YES;
				CLANG_CXX_LANGUAGE_STANDARD = "gnu++0x";
				CLANG_CXX_LIBRARY = "libc++";
				CLANG_ENABLE_MODULES = YES;
				CLANG_ENABLE_OBJC_ARC = YES;
				CLANG_WARN_BOOL_CONVERSION = YES;
				CLANG_WARN_CONSTANT_CONVERSION = YES;
				CLANG_WARN_DIRECT_OBJC_ISA_USAGE = YES_ERROR;
				CLANG_WARN_DOCUMENTATION_COMMENTS = YES;
				CLANG_WARN_EMPTY_BODY = YES;
				CLANG_WARN_ENUM_CONVERSION = YES;
				CLANG_WARN_INFINITE_RECURSION = YES;
				CLANG_WARN_INT_CONVERSION = YES;
				CLANG_WARN_OBJC_ROOT_CLASS = YES_ERROR;
				CLANG_WARN_SUSPICIOUS_MOVES = YES;
				CLANG_WARN_UNREACHABLE_CODE = YES;
				CLANG_WARN__DUPLICATE_METHOD_MATCH = YES;
				"CODE_SIGN_IDENTITY[sdk=iphoneos*]" = "iPhone Developer";
				COPY_PHASE_STRIP = NO;
				DEBUG_INFORMATION_FORMAT = "dwarf-with-dsym";
				ENABLE_NS_ASSERTIONS = NO;
				ENABLE_STRICT_OBJC_MSGSEND = YES;
				GCC_C_LANGUAGE_STANDARD = gnu99;
				GCC_NO_COMMON_BLOCKS = YES;
				GCC_WARN_64_TO_32_BIT_CONVERSION = YES;
				GCC_WARN_ABOUT_RETURN_TYPE = YES_ERROR;
				GCC_WARN_UNDECLARED_SELECTOR = YES;
				GCC_WARN_UNINITIALIZED_AUTOS = YES_AGGRESSIVE;
				GCC_WARN_UNUSED_FUNCTION = YES;
				GCC_WARN_UNUSED_VARIABLE = YES;
				IPHONEOS_DEPLOYMENT_TARGET = 10.0;
				MTL_ENABLE_DEBUG_INFO = NO;
				SDKROOT = iphoneos;
				VALIDATE_PRODUCT = YES;
			};
			name = Release;
		};
		6A9AF3851EB072EA00B0F312 /* Debug */ = {
			isa = XCBuildConfiguration;
			buildSettings = {
				ASSETCATALOG_COMPILER_APPICON_NAME = AppIcon;
				DEVELOPMENT_TEAM = 43H54M6JEQ;
				INFOPLIST_FILE = NTAddressPickerView/Info.plist;
				LD_RUNPATH_SEARCH_PATHS = "$(inherited) @executable_path/Frameworks";
				PRODUCT_BUNDLE_IDENTIFIER = nineteen.me.NTAddressPickerView;
				PRODUCT_NAME = "$(TARGET_NAME)";
			};
			name = Debug;
		};
		6A9AF3861EB072EA00B0F312 /* Release */ = {
			isa = XCBuildConfiguration;
			buildSettings = {
				ASSETCATALOG_COMPILER_APPICON_NAME = AppIcon;
				DEVELOPMENT_TEAM = 43H54M6JEQ;
				INFOPLIST_FILE = NTAddressPickerView/Info.plist;
				LD_RUNPATH_SEARCH_PATHS = "$(inherited) @executable_path/Frameworks";
				PRODUCT_BUNDLE_IDENTIFIER = nineteen.me.NTAddressPickerView;
				PRODUCT_NAME = "$(TARGET_NAME)";
			};
			name = Release;
		};
/* End XCBuildConfiguration section */

/* Begin XCConfigurationList section */
		6A9AF3681EB072EA00B0F312 /* Build configuration list for PBXProject "NTAddressPickerView" */ = {
			isa = XCConfigurationList;
			buildConfigurations = (
				6A9AF3821EB072EA00B0F312 /* Debug */,
				6A9AF3831EB072EA00B0F312 /* Release */,
			);
			defaultConfigurationIsVisible = 0;
			defaultConfigurationName = Release;
		};
		6A9AF3841EB072EA00B0F312 /* Build configuration list for PBXNativeTarget "NTAddressPickerView" */ = {
			isa = XCConfigurationList;
			buildConfigurations = (
				6A9AF3851EB072EA00B0F312 /* Debug */,
				6A9AF3861EB072EA00B0F312 /* Release */,
			);
			defaultConfigurationIsVisible = 0;
		};
/* End XCConfigurationList section */
	};
	rootObject = 6A9AF3651EB072EA00B0F312 /* Project object */;
}
